
Microsoft Visual Studio Solution File, Format Version 12.00
# Visual Studio Version 17
VisualStudioVersion = 17.1.31911.260
MinimumVisualStudioVersion = 10.0.40219.1
Project("{9A19103F-16F7-4668-BE54-9A1E7A4F7556}") = "AdventOfCode", "AdventOfCode\AdventOfCode.csproj", "{26D2A119-61A0-4486-83FF-699F31B2BD54}"
EndProject
Project("{2150E333-8FDC-42A3-9474-1A3956D46DE8}") = "Solution Items", "Solution Items", "{4FAF1A0B-02B0-4936-A683-1EAE03F47A4F}"
	ProjectSection(SolutionItems) = preProject
		.editorconfig = .editorconfig
	EndProjectSection
EndProject
Project("{FAE04EC0-301F-11D3-BF4B-00C04F79EFBC}") = "AdventOfCodeTests", "AdventOfCodeTests\AdventOfCodeTests.csproj", "{6B59E3D7-0050-464A-9EF5-81EB308D769D}"
EndProject
Global
	GlobalSection(SolutionConfigurationPlatforms) = preSolution
		Debug|Any CPU = Debug|Any CPU
		Release|Any CPU = Release|Any CPU
	EndGlobalSection
	GlobalSection(ProjectConfigurationPlatforms) = postSolution
		{26D2A119-61A0-4486-83FF-699F31B2BD54}.Debug|Any CPU.ActiveCfg = Debug|Any CPU
		{26D2A119-61A0-4486-83FF-699F31B2BD54}.Debug|Any CPU.Build.0 = Debug|Any CPU
		{26D2A119-61A0-4486-83FF-699F31B2BD54}.Release|Any CPU.ActiveCfg = Release|Any CPU
		{26D2A119-61A0-4486-83FF-699F31B2BD54}.Release|Any CPU.Build.0 = Release|Any CPU
		{6B59E3D7-0050-464A-9EF5-81EB308D769D}.Debug|Any CPU.ActiveCfg = Debug|Any CPU
		{6B59E3D7-0050-464A-9EF5-81EB308D769D}.Debug|Any CPU.Build.0 = Debug|Any CPU
		{6B59E3D7-0050-464A-9EF5-81EB308D769D}.Release|Any CPU.ActiveCfg = Release|Any CPU
		{6B59E3D7-0050-464A-9EF5-81EB308D769D}.Release|Any CPU.Build.0 = Release|Any CPU
	EndGlobalSection
	GlobalSection(SolutionProperties) = preSolution
		HideSolutionNode = FALSE
	EndGlobalSection
	GlobalSection(ExtensibilityGlobals) = postSolution
		SolutionGuid = {7960D622-7E83-4B51-95E8-508D33366218}
	EndGlobalSection
EndGlobal
